
Microsoft Visual Studio Solution File, Format Version 12.00
# Visual Studio Version 17
VisualStudioVersion = 17.10.34928.147
MinimumVisualStudioVersion = 10.0.40219.1
Project("{FAE04EC0-301F-11D3-BF4B-00C04F79EFBC}") = "VHEmpAPI", "VHEmpAPI\VHEmpAPI.csproj", "{119664C9-8486-4734-8742-994B96810104}"
EndProject
Global
	GlobalSection(SolutionConfigurationPlatforms) = preSolution
		Debug|Any CPU = Debug|Any CPU
		Release|Any CPU = Release|Any CPU
	EndGlobalSection
	GlobalSection(ProjectConfigurationPlatforms) = postSolution
		{119664C9-8486-4734-8742-994B96810104}.Debug|Any CPU.ActiveCfg = Debug|Any CPU
		{119664C9-8486-4734-8742-994B96810104}.Debug|Any CPU.Build.0 = Debug|Any CPU
		{119664C9-8486-4734-8742-994B96810104}.Release|Any CPU.ActiveCfg = Release|Any CPU
		{119664C9-8486-4734-8742-994B96810104}.Release|Any CPU.Build.0 = Release|Any CPU
	EndGlobalSection
	GlobalSection(SolutionProperties) = preSolution
		HideSolutionNode = FALSE
	EndGlobalSection
	GlobalSection(ExtensibilityGlobals) = postSolution
		SolutionGuid = {52A3FD20-D5EA-461C-B1B3-A2F954A8D656}
	EndGlobalSection
EndGlobal
